
Microsoft Visual Studio Solution File, Format Version 12.00
# Visual Studio 2012
Project("{8BC9CEB8-8B4A-11D0-8D11-00A0C91BC942}") = "opengl_wstep", "opengl_wstep.vcxproj", "{E60786B2-869B-4211-9BEE-48FAC5AC9A18}"
EndProject
Global
	GlobalSection(SolutionConfigurationPlatforms) = preSolution
		Debug|Win32 = Debug|Win32
		Release|Win32 = Release|Win32
	EndGlobalSection
	GlobalSection(ProjectConfigurationPlatforms) = postSolution
		{E60786B2-869B-4211-9BEE-48FAC5AC9A18}.Debug|Win32.ActiveCfg = Debug|Win32
		{E60786B2-869B-4211-9BEE-48FAC5AC9A18}.Debug|Win32.Build.0 = Debug|Win32
		{E60786B2-869B-4211-9BEE-48FAC5AC9A18}.Release|Win32.ActiveCfg = Release|Win32
		{E60786B2-869B-4211-9BEE-48FAC5AC9A18}.Release|Win32.Build.0 = Release|Win32
	EndGlobalSection
	GlobalSection(SolutionProperties) = preSolution
		HideSolutionNode = FALSE
	EndGlobalSection
EndGlobal
